# THIS IS AN AUTOGENERATED FILE. DO NOT EDIT THIS FILE DIRECTLY.
# yarn lockfile v1


"@xlong/events@^1.0.0":
  version "1.0.0"
  resolved "https://registry.npmjs.org/@xlong/events/-/events-1.0.0.tgz#1ffdbf41e8bc59ae5e22d9932ef0d45f3759ceb0"
  integrity sha512-TsoC3KXZz6uFxxu0moaLReGS8Arg20R9EiCHeokvQJxB5NofzZOV82okltk1slZtleeDlf/sa87DR4UYlL8g6w==
