# THIS IS AN AUTOGENERATED FILE. DO NOT EDIT THIS FILE DIRECTLY.
# yarn lockfile v1


xl_events@^1.0.1:
  version "1.0.1"
  resolved "https://registry.npmjs.org/xl_events/-/xl_events-1.0.1.tgz#f3a9501bf71ed944670be4afa10cae57f2ce83c3"
  integrity sha512-DwduTk4DP6ZFmf1qjx9075+sv3AyVUTt00SR8H1pZOX8rZfNS0NpxsWJk2+1hID/e7t3YM66HyvqmUL+qDuc+A==
